
Microsoft Visual Studio Solution File, Format Version 12.00
# Visual Studio Version 16
VisualStudioVersion = 16.0.30114.105
MinimumVisualStudioVersion = 10.0.40219.1
Project("{2150E333-8FDC-42A3-9474-1A3956D46DE8}") = "Libs", "Libs", "{9434EE95-9F1B-46D0-90C3-9B37B1DCCEFB}"
EndProject
Project("{FAE04EC0-301F-11D3-BF4B-00C04F79EFBC}") = "Taka.Common", "Libs\Taka.Common\Taka.Common.csproj", "{E020FB33-63CD-4B03-8BB7-AC9BA247002A}"
EndProject
Project("{FAE04EC0-301F-11D3-BF4B-00C04F79EFBC}") = "Taka.Common.Tests", "Libs\Taka.Common.Tests\Taka.Common.Tests.csproj", "{3A601CE9-ECA6-4397-B1DD-4CC010773F7F}"
EndProject
Project("{FAE04EC0-301F-11D3-BF4B-00C04F79EFBC}") = "Taka.K8s", "Libs\Taka.K8s\Taka.K8s.csproj", "{9D6ED702-5B03-435E-B7DC-EFF7B9DB7CDC}"
EndProject
Project("{FAE04EC0-301F-11D3-BF4B-00C04F79EFBC}") = "Taka.K8s.Tests", "Libs\Taka.K8s.Tests\Taka.K8s.Tests.csproj", "{A25D9AB9-F627-4EAB-8A01-1AA7BCC695BB}"
EndProject
Project("{FAE04EC0-301F-11D3-BF4B-00C04F79EFBC}") = "Taka.Models", "Libs\Taka.Models\Taka.Models.csproj", "{9344E283-2AE5-4E11-BEAD-C3619C297B85}"
EndProject
Project("{FAE04EC0-301F-11D3-BF4B-00C04F79EFBC}") = "Taka.Models.Tests", "Libs\Taka.Models.Tests\Taka.Models.Tests.csproj", "{EF670F2E-AF79-4E8D-A810-29BEB8CEBA45}"
EndProject
Project("{2150E333-8FDC-42A3-9474-1A3956D46DE8}") = "Workers", "Workers", "{26D74AB0-646F-4C87-AE40-9E52ECBCFE43}"
EndProject
Project("{FAE04EC0-301F-11D3-BF4B-00C04F79EFBC}") = "Taka.Worker.Sync", "Workers\Taka.Worker.Sync\Taka.Worker.Sync.csproj", "{ED7ED6FF-B657-49CE-9B24-86F1C0B24C8E}"
EndProject
Project("{FAE04EC0-301F-11D3-BF4B-00C04F79EFBC}") = "Taka.Worker.Sync.Tests", "Workers\Taka.Worker.Sync.Tests\Taka.Worker.Sync.Tests.csproj", "{60ED73A8-118F-45E5-B5A9-6265861D997F}"
EndProject
Global
	GlobalSection(SolutionConfigurationPlatforms) = preSolution
		Debug|Any CPU = Debug|Any CPU
		Debug|x64 = Debug|x64
		Debug|x86 = Debug|x86
		Release|Any CPU = Release|Any CPU
		Release|x64 = Release|x64
		Release|x86 = Release|x86
	EndGlobalSection
	GlobalSection(SolutionProperties) = preSolution
		HideSolutionNode = FALSE
	EndGlobalSection
	GlobalSection(ProjectConfigurationPlatforms) = postSolution
		{E020FB33-63CD-4B03-8BB7-AC9BA247002A}.Debug|Any CPU.ActiveCfg = Debug|Any CPU
		{E020FB33-63CD-4B03-8BB7-AC9BA247002A}.Debug|Any CPU.Build.0 = Debug|Any CPU
		{E020FB33-63CD-4B03-8BB7-AC9BA247002A}.Debug|x64.ActiveCfg = Debug|Any CPU
		{E020FB33-63CD-4B03-8BB7-AC9BA247002A}.Debug|x64.Build.0 = Debug|Any CPU
		{E020FB33-63CD-4B03-8BB7-AC9BA247002A}.Debug|x86.ActiveCfg = Debug|Any CPU
		{E020FB33-63CD-4B03-8BB7-AC9BA247002A}.Debug|x86.Build.0 = Debug|Any CPU
		{E020FB33-63CD-4B03-8BB7-AC9BA247002A}.Release|Any CPU.ActiveCfg = Release|Any CPU
		{E020FB33-63CD-4B03-8BB7-AC9BA247002A}.Release|Any CPU.Build.0 = Release|Any CPU
		{E020FB33-63CD-4B03-8BB7-AC9BA247002A}.Release|x64.ActiveCfg = Release|Any CPU
		{E020FB33-63CD-4B03-8BB7-AC9BA247002A}.Release|x64.Build.0 = Release|Any CPU
		{E020FB33-63CD-4B03-8BB7-AC9BA247002A}.Release|x86.ActiveCfg = Release|Any CPU
		{E020FB33-63CD-4B03-8BB7-AC9BA247002A}.Release|x86.Build.0 = Release|Any CPU
		{3A601CE9-ECA6-4397-B1DD-4CC010773F7F}.Debug|Any CPU.ActiveCfg = Debug|Any CPU
		{3A601CE9-ECA6-4397-B1DD-4CC010773F7F}.Debug|Any CPU.Build.0 = Debug|Any CPU
		{3A601CE9-ECA6-4397-B1DD-4CC010773F7F}.Debug|x64.ActiveCfg = Debug|Any CPU
		{3A601CE9-ECA6-4397-B1DD-4CC010773F7F}.Debug|x64.Build.0 = Debug|Any CPU
		{3A601CE9-ECA6-4397-B1DD-4CC010773F7F}.Debug|x86.ActiveCfg = Debug|Any CPU
		{3A601CE9-ECA6-4397-B1DD-4CC010773F7F}.Debug|x86.Build.0 = Debug|Any CPU
		{3A601CE9-ECA6-4397-B1DD-4CC010773F7F}.Release|Any CPU.ActiveCfg = Release|Any CPU
		{3A601CE9-ECA6-4397-B1DD-4CC010773F7F}.Release|Any CPU.Build.0 = Release|Any CPU
		{3A601CE9-ECA6-4397-B1DD-4CC010773F7F}.Release|x64.ActiveCfg = Release|Any CPU
		{3A601CE9-ECA6-4397-B1DD-4CC010773F7F}.Release|x64.Build.0 = Release|Any CPU
		{3A601CE9-ECA6-4397-B1DD-4CC010773F7F}.Release|x86.ActiveCfg = Release|Any CPU
		{3A601CE9-ECA6-4397-B1DD-4CC010773F7F}.Release|x86.Build.0 = Release|Any CPU
		{9D6ED702-5B03-435E-B7DC-EFF7B9DB7CDC}.Debug|Any CPU.ActiveCfg = Debug|Any CPU
		{9D6ED702-5B03-435E-B7DC-EFF7B9DB7CDC}.Debug|Any CPU.Build.0 = Debug|Any CPU
		{9D6ED702-5B03-435E-B7DC-EFF7B9DB7CDC}.Debug|x64.ActiveCfg = Debug|Any CPU
		{9D6ED702-5B03-435E-B7DC-EFF7B9DB7CDC}.Debug|x64.Build.0 = Debug|Any CPU
		{9D6ED702-5B03-435E-B7DC-EFF7B9DB7CDC}.Debug|x86.ActiveCfg = Debug|Any CPU
		{9D6ED702-5B03-435E-B7DC-EFF7B9DB7CDC}.Debug|x86.Build.0 = Debug|Any CPU
		{9D6ED702-5B03-435E-B7DC-EFF7B9DB7CDC}.Release|Any CPU.ActiveCfg = Release|Any CPU
		{9D6ED702-5B03-435E-B7DC-EFF7B9DB7CDC}.Release|Any CPU.Build.0 = Release|Any CPU
		{9D6ED702-5B03-435E-B7DC-EFF7B9DB7CDC}.Release|x64.ActiveCfg = Release|Any CPU
		{9D6ED702-5B03-435E-B7DC-EFF7B9DB7CDC}.Release|x64.Build.0 = Release|Any CPU
		{9D6ED702-5B03-435E-B7DC-EFF7B9DB7CDC}.Release|x86.ActiveCfg = Release|Any CPU
		{9D6ED702-5B03-435E-B7DC-EFF7B9DB7CDC}.Release|x86.Build.0 = Release|Any CPU
		{A25D9AB9-F627-4EAB-8A01-1AA7BCC695BB}.Debug|Any CPU.ActiveCfg = Debug|Any CPU
		{A25D9AB9-F627-4EAB-8A01-1AA7BCC695BB}.Debug|Any CPU.Build.0 = Debug|Any CPU
		{A25D9AB9-F627-4EAB-8A01-1AA7BCC695BB}.Debug|x64.ActiveCfg = Debug|Any CPU
		{A25D9AB9-F627-4EAB-8A01-1AA7BCC695BB}.Debug|x64.Build.0 = Debug|Any CPU
		{A25D9AB9-F627-4EAB-8A01-1AA7BCC695BB}.Debug|x86.ActiveCfg = Debug|Any CPU
		{A25D9AB9-F627-4EAB-8A01-1AA7BCC695BB}.Debug|x86.Build.0 = Debug|Any CPU
		{A25D9AB9-F627-4EAB-8A01-1AA7BCC695BB}.Release|Any CPU.ActiveCfg = Release|Any CPU
		{A25D9AB9-F627-4EAB-8A01-1AA7BCC695BB}.Release|Any CPU.Build.0 = Release|Any CPU
		{A25D9AB9-F627-4EAB-8A01-1AA7BCC695BB}.Release|x64.ActiveCfg = Release|Any CPU
		{A25D9AB9-F627-4EAB-8A01-1AA7BCC695BB}.Release|x64.Build.0 = Release|Any CPU
		{A25D9AB9-F627-4EAB-8A01-1AA7BCC695BB}.Release|x86.ActiveCfg = Release|Any CPU
		{A25D9AB9-F627-4EAB-8A01-1AA7BCC695BB}.Release|x86.Build.0 = Release|Any CPU
		{9344E283-2AE5-4E11-BEAD-C3619C297B85}.Debug|Any CPU.ActiveCfg = Debug|Any CPU
		{9344E283-2AE5-4E11-BEAD-C3619C297B85}.Debug|Any CPU.Build.0 = Debug|Any CPU
		{9344E283-2AE5-4E11-BEAD-C3619C297B85}.Debug|x64.ActiveCfg = Debug|Any CPU
		{9344E283-2AE5-4E11-BEAD-C3619C297B85}.Debug|x64.Build.0 = Debug|Any CPU
		{9344E283-2AE5-4E11-BEAD-C3619C297B85}.Debug|x86.ActiveCfg = Debug|Any CPU
		{9344E283-2AE5-4E11-BEAD-C3619C297B85}.Debug|x86.Build.0 = Debug|Any CPU
		{9344E283-2AE5-4E11-BEAD-C3619C297B85}.Release|Any CPU.ActiveCfg = Release|Any CPU
		{9344E283-2AE5-4E11-BEAD-C3619C297B85}.Release|Any CPU.Build.0 = Release|Any CPU
		{9344E283-2AE5-4E11-BEAD-C3619C297B85}.Release|x64.ActiveCfg = Release|Any CPU
		{9344E283-2AE5-4E11-BEAD-C3619C297B85}.Release|x64.Build.0 = Release|Any CPU
		{9344E283-2AE5-4E11-BEAD-C3619C297B85}.Release|x86.ActiveCfg = Release|Any CPU
		{9344E283-2AE5-4E11-BEAD-C3619C297B85}.Release|x86.Build.0 = Release|Any CPU
		{EF670F2E-AF79-4E8D-A810-29BEB8CEBA45}.Debug|Any CPU.ActiveCfg = Debug|Any CPU
		{EF670F2E-AF79-4E8D-A810-29BEB8CEBA45}.Debug|Any CPU.Build.0 = Debug|Any CPU
		{EF670F2E-AF79-4E8D-A810-29BEB8CEBA45}.Debug|x64.ActiveCfg = Debug|Any CPU
		{EF670F2E-AF79-4E8D-A810-29BEB8CEBA45}.Debug|x64.Build.0 = Debug|Any CPU
		{EF670F2E-AF79-4E8D-A810-29BEB8CEBA45}.Debug|x86.ActiveCfg = Debug|Any CPU
		{EF670F2E-AF79-4E8D-A810-29BEB8CEBA45}.Debug|x86.Build.0 = Debug|Any CPU
		{EF670F2E-AF79-4E8D-A810-29BEB8CEBA45}.Release|Any CPU.ActiveCfg = Release|Any CPU
		{EF670F2E-AF79-4E8D-A810-29BEB8CEBA45}.Release|Any CPU.Build.0 = Release|Any CPU
		{EF670F2E-AF79-4E8D-A810-29BEB8CEBA45}.Release|x64.ActiveCfg = Release|Any CPU
		{EF670F2E-AF79-4E8D-A810-29BEB8CEBA45}.Release|x64.Build.0 = Release|Any CPU
		{EF670F2E-AF79-4E8D-A810-29BEB8CEBA45}.Release|x86.ActiveCfg = Release|Any CPU
		{EF670F2E-AF79-4E8D-A810-29BEB8CEBA45}.Release|x86.Build.0 = Release|Any CPU
		{ED7ED6FF-B657-49CE-9B24-86F1C0B24C8E}.Debug|Any CPU.ActiveCfg = Debug|Any CPU
		{ED7ED6FF-B657-49CE-9B24-86F1C0B24C8E}.Debug|Any CPU.Build.0 = Debug|Any CPU
		{ED7ED6FF-B657-49CE-9B24-86F1C0B24C8E}.Debug|x64.ActiveCfg = Debug|Any CPU
		{ED7ED6FF-B657-49CE-9B24-86F1C0B24C8E}.Debug|x64.Build.0 = Debug|Any CPU
		{ED7ED6FF-B657-49CE-9B24-86F1C0B24C8E}.Debug|x86.ActiveCfg = Debug|Any CPU
		{ED7ED6FF-B657-49CE-9B24-86F1C0B24C8E}.Debug|x86.Build.0 = Debug|Any CPU
		{ED7ED6FF-B657-49CE-9B24-86F1C0B24C8E}.Release|Any CPU.ActiveCfg = Release|Any CPU
		{ED7ED6FF-B657-49CE-9B24-86F1C0B24C8E}.Release|Any CPU.Build.0 = Release|Any CPU
		{ED7ED6FF-B657-49CE-9B24-86F1C0B24C8E}.Release|x64.ActiveCfg = Release|Any CPU
		{ED7ED6FF-B657-49CE-9B24-86F1C0B24C8E}.Release|x64.Build.0 = Release|Any CPU
		{ED7ED6FF-B657-49CE-9B24-86F1C0B24C8E}.Release|x86.ActiveCfg = Release|Any CPU
		{ED7ED6FF-B657-49CE-9B24-86F1C0B24C8E}.Release|x86.Build.0 = Release|Any CPU
		{60ED73A8-118F-45E5-B5A9-6265861D997F}.Debug|Any CPU.ActiveCfg = Debug|Any CPU
		{60ED73A8-118F-45E5-B5A9-6265861D997F}.Debug|Any CPU.Build.0 = Debug|Any CPU
		{60ED73A8-118F-45E5-B5A9-6265861D997F}.Debug|x64.ActiveCfg = Debug|Any CPU
		{60ED73A8-118F-45E5-B5A9-6265861D997F}.Debug|x64.Build.0 = Debug|Any CPU
		{60ED73A8-118F-45E5-B5A9-6265861D997F}.Debug|x86.ActiveCfg = Debug|Any CPU
		{60ED73A8-118F-45E5-B5A9-6265861D997F}.Debug|x86.Build.0 = Debug|Any CPU
		{60ED73A8-118F-45E5-B5A9-6265861D997F}.Release|Any CPU.ActiveCfg = Release|Any CPU
		{60ED73A8-118F-45E5-B5A9-6265861D997F}.Release|Any CPU.Build.0 = Release|Any CPU
		{60ED73A8-118F-45E5-B5A9-6265861D997F}.Release|x64.ActiveCfg = Release|Any CPU
		{60ED73A8-118F-45E5-B5A9-6265861D997F}.Release|x64.Build.0 = Release|Any CPU
		{60ED73A8-118F-45E5-B5A9-6265861D997F}.Release|x86.ActiveCfg = Release|Any CPU
		{60ED73A8-118F-45E5-B5A9-6265861D997F}.Release|x86.Build.0 = Release|Any CPU
	EndGlobalSection
	GlobalSection(NestedProjects) = preSolution
		{E020FB33-63CD-4B03-8BB7-AC9BA247002A} = {9434EE95-9F1B-46D0-90C3-9B37B1DCCEFB}
		{3A601CE9-ECA6-4397-B1DD-4CC010773F7F} = {9434EE95-9F1B-46D0-90C3-9B37B1DCCEFB}
		{9D6ED702-5B03-435E-B7DC-EFF7B9DB7CDC} = {9434EE95-9F1B-46D0-90C3-9B37B1DCCEFB}
		{A25D9AB9-F627-4EAB-8A01-1AA7BCC695BB} = {9434EE95-9F1B-46D0-90C3-9B37B1DCCEFB}
		{9344E283-2AE5-4E11-BEAD-C3619C297B85} = {9434EE95-9F1B-46D0-90C3-9B37B1DCCEFB}
		{EF670F2E-AF79-4E8D-A810-29BEB8CEBA45} = {9434EE95-9F1B-46D0-90C3-9B37B1DCCEFB}
		{ED7ED6FF-B657-49CE-9B24-86F1C0B24C8E} = {26D74AB0-646F-4C87-AE40-9E52ECBCFE43}
		{60ED73A8-118F-45E5-B5A9-6265861D997F} = {26D74AB0-646F-4C87-AE40-9E52ECBCFE43}
	EndGlobalSection
EndGlobal
